// !$*UTF8*$!
{
	archiveVersion = 1;
	classes = {
	};
	objectVersion = 55;
	objects = {

/* Begin PBXBuildFile section */
		979FBFCB19A04463DFED0C08 /* Pods_Memo_MemoUITests.framework in Frameworks */ = {isa = PBXBuildFile; fileRef = B60E8D7155570412E4E48FB1 /* Pods_Memo_MemoUITests.framework */; };
		A5D29D9D281CE5DD00A2BDE9 /* DeleteAlertViewController.swift in Sources */ = {isa = PBXBuildFile; fileRef = A5D29D9C281CE5DD00A2BDE9 /* DeleteAlertViewController.swift */; };
		A5D29D9F281CE5E800A2BDE9 /* DeleteAlertPresenter.swift in Sources */ = {isa = PBXBuildFile; fileRef = A5D29D9E281CE5E800A2BDE9 /* DeleteAlertPresenter.swift */; };
		A5D29DA3281CFA6B00A2BDE9 /* Toast in Frameworks */ = {isa = PBXBuildFile; productRef = A5D29DA2281CFA6B00A2BDE9 /* Toast */; };
		A5E360A0281B996900EBE99C /* AppDelegate.swift in Sources */ = {isa = PBXBuildFile; fileRef = A5E3609F281B996900EBE99C /* AppDelegate.swift */; };
		A5E360A2281B996900EBE99C /* SceneDelegate.swift in Sources */ = {isa = PBXBuildFile; fileRef = A5E360A1281B996900EBE99C /* SceneDelegate.swift */; };
		A5E360A4281B996900EBE99C /* ListViewController.swift in Sources */ = {isa = PBXBuildFile; fileRef = A5E360A3281B996900EBE99C /* ListViewController.swift */; };
		A5E360A9281B996B00EBE99C /* Assets.xcassets in Resources */ = {isa = PBXBuildFile; fileRef = A5E360A8281B996B00EBE99C /* Assets.xcassets */; };
		A5E360AC281B996B00EBE99C /* LaunchScreen.storyboard in Resources */ = {isa = PBXBuildFile; fileRef = A5E360AA281B996B00EBE99C /* LaunchScreen.storyboard */; };
		A5E360B7281B996B00EBE99C /* MemoTests.swift in Sources */ = {isa = PBXBuildFile; fileRef = A5E360B6281B996B00EBE99C /* MemoTests.swift */; };
		A5E360C1281B996B00EBE99C /* MemoUITests.swift in Sources */ = {isa = PBXBuildFile; fileRef = A5E360C0281B996B00EBE99C /* MemoUITests.swift */; };
		A5E360C3281B996B00EBE99C /* MemoUITestsLaunchTests.swift in Sources */ = {isa = PBXBuildFile; fileRef = A5E360C2281B996B00EBE99C /* MemoUITestsLaunchTests.swift */; };
		A5E360D1281B9D9E00EBE99C /* ListPresenter.swift in Sources */ = {isa = PBXBuildFile; fileRef = A5E360D0281B9D9E00EBE99C /* ListPresenter.swift */; };
		A5E360D5281BA44C00EBE99C /* ListTableViewCell.swift in Sources */ = {isa = PBXBuildFile; fileRef = A5E360D4281BA44C00EBE99C /* ListTableViewCell.swift */; };
		A5E360D8281BA51400EBE99C /* SnapKit in Frameworks */ = {isa = PBXBuildFile; productRef = A5E360D7281BA51400EBE99C /* SnapKit */; };
		A5E360DF281BAF9D00EBE99C /* WriteViewController.swift in Sources */ = {isa = PBXBuildFile; fileRef = A5E360DE281BAF9D00EBE99C /* WriteViewController.swift */; };
		A5E360E1281BAFA500EBE99C /* WritePresenter.swift in Sources */ = {isa = PBXBuildFile; fileRef = A5E360E0281BAFA500EBE99C /* WritePresenter.swift */; };
		A5E360E4281BC12300EBE99C /* DismissAlertViewController.swift in Sources */ = {isa = PBXBuildFile; fileRef = A5E360E3281BC12300EBE99C /* DismissAlertViewController.swift */; };
		A5E360E6281BC14B00EBE99C /* DismissAlertPresenter.swift in Sources */ = {isa = PBXBuildFile; fileRef = A5E360E5281BC14B00EBE99C /* DismissAlertPresenter.swift */; };
		A5E360E9281BE15600EBE99C /* SaveAlertViewController.swift in Sources */ = {isa = PBXBuildFile; fileRef = A5E360E8281BE15600EBE99C /* SaveAlertViewController.swift */; };
		A5E360EB281BE15E00EBE99C /* SaveAlertPresenter.swift in Sources */ = {isa = PBXBuildFile; fileRef = A5E360EA281BE15E00EBE99C /* SaveAlertPresenter.swift */; };
		A5E360F1281BE53F00EBE99C /* 교보손글씨.otf in Resources */ = {isa = PBXBuildFile; fileRef = A5E360F0281BE53F00EBE99C /* 교보손글씨.otf */; };
		A5E360F4281BE59C00EBE99C /* FontManager.swift in Sources */ = {isa = PBXBuildFile; fileRef = A5E360F3281BE59C00EBE99C /* FontManager.swift */; };
		A5E360F6281BEC4B00EBE99C /* UserDefaultsManager.swift in Sources */ = {isa = PBXBuildFile; fileRef = A5E360F5281BEC4B00EBE99C /* UserDefaultsManager.swift */; };
		A5E360F9281BECBA00EBE99C /* Memo.swift in Sources */ = {isa = PBXBuildFile; fileRef = A5E360F8281BECBA00EBE99C /* Memo.swift */; };
		A5E360FD281BF7FE00EBE99C /* PasswordAlertViewController.swift in Sources */ = {isa = PBXBuildFile; fileRef = A5E360FC281BF7FE00EBE99C /* PasswordAlertViewController.swift */; };
		A5E360FF281BF80600EBE99C /* PasswordAlertPresenter.swift in Sources */ = {isa = PBXBuildFile; fileRef = A5E360FE281BF80600EBE99C /* PasswordAlertPresenter.swift */; };
		A5EDCFA3281C289300C128FE /* DetailViewController.swift in Sources */ = {isa = PBXBuildFile; fileRef = A5EDCFA2281C289300C128FE /* DetailViewController.swift */; };
		A5EDCFA5281C28A400C128FE /* DetailPresenter.swift in Sources */ = {isa = PBXBuildFile; fileRef = A5EDCFA4281C28A400C128FE /* DetailPresenter.swift */; };
		F9FBD07CD1EEE79CA091852E /* Pods_Memo.framework in Frameworks */ = {isa = PBXBuildFile; fileRef = 90BDBA8AFB8FCE51989FDF92 /* Pods_Memo.framework */; };
		FBC000C97A2DD9EAF81E81A9 /* Pods_MemoTests.framework in Frameworks */ = {isa = PBXBuildFile; fileRef = FDCCE0FC68530BE16084B7C6 /* Pods_MemoTests.framework */; };
/* End PBXBuildFile section */

/* Begin PBXContainerItemProxy section */
		A5E360B3281B996B00EBE99C /* PBXContainerItemProxy */ = {
			isa = PBXContainerItemProxy;
			containerPortal = A5E36094281B996900EBE99C /* Project object */;
			proxyType = 1;
			remoteGlobalIDString = A5E3609B281B996900EBE99C;
			remoteInfo = Memo;
		};
		A5E360BD281B996B00EBE99C /* PBXContainerItemProxy */ = {
			isa = PBXContainerItemProxy;
			containerPortal = A5E36094281B996900EBE99C /* Project object */;
			proxyType = 1;
			remoteGlobalIDString = A5E3609B281B996900EBE99C;
			remoteInfo = Memo;
		};
/* End PBXContainerItemProxy section */

/* Begin PBXFileReference section */
		4FFF845223FC6052F7D31650 /* Pods-Memo-MemoUITests.release.xcconfig */ = {isa = PBXFileReference; includeInIndex = 1; lastKnownFileType = text.xcconfig; name = "Pods-Memo-MemoUITests.release.xcconfig"; path = "Target Support Files/Pods-Memo-MemoUITests/Pods-Memo-MemoUITests.release.xcconfig"; sourceTree = "<group>"; };
		787614D0328B6BD2D86C8800 /* Pods-Memo-MemoUITests.debug.xcconfig */ = {isa = PBXFileReference; includeInIndex = 1; lastKnownFileType = text.xcconfig; name = "Pods-Memo-MemoUITests.debug.xcconfig"; path = "Target Support Files/Pods-Memo-MemoUITests/Pods-Memo-MemoUITests.debug.xcconfig"; sourceTree = "<group>"; };
		84EAD94D0FB7341ED470FD07 /* Pods-Memo.debug.xcconfig */ = {isa = PBXFileReference; includeInIndex = 1; lastKnownFileType = text.xcconfig; name = "Pods-Memo.debug.xcconfig"; path = "Target Support Files/Pods-Memo/Pods-Memo.debug.xcconfig"; sourceTree = "<group>"; };
		90BDBA8AFB8FCE51989FDF92 /* Pods_Memo.framework */ = {isa = PBXFileReference; explicitFileType = wrapper.framework; includeInIndex = 0; path = Pods_Memo.framework; sourceTree = BUILT_PRODUCTS_DIR; };
		9CE008EE0A2D2560BAA2426B /* Pods-MemoTests.release.xcconfig */ = {isa = PBXFileReference; includeInIndex = 1; lastKnownFileType = text.xcconfig; name = "Pods-MemoTests.release.xcconfig"; path = "Target Support Files/Pods-MemoTests/Pods-MemoTests.release.xcconfig"; sourceTree = "<group>"; };
		A5D29D9C281CE5DD00A2BDE9 /* DeleteAlertViewController.swift */ = {isa = PBXFileReference; lastKnownFileType = sourcecode.swift; path = DeleteAlertViewController.swift; sourceTree = "<group>"; };
		A5D29D9E281CE5E800A2BDE9 /* DeleteAlertPresenter.swift */ = {isa = PBXFileReference; lastKnownFileType = sourcecode.swift; path = DeleteAlertPresenter.swift; sourceTree = "<group>"; };
		A5E3609C281B996900EBE99C /* Memo.app */ = {isa = PBXFileReference; explicitFileType = wrapper.application; includeInIndex = 0; path = Memo.app; sourceTree = BUILT_PRODUCTS_DIR; };
		A5E3609F281B996900EBE99C /* AppDelegate.swift */ = {isa = PBXFileReference; lastKnownFileType = sourcecode.swift; path = AppDelegate.swift; sourceTree = "<group>"; };
		A5E360A1281B996900EBE99C /* SceneDelegate.swift */ = {isa = PBXFileReference; lastKnownFileType = sourcecode.swift; path = SceneDelegate.swift; sourceTree = "<group>"; };
		A5E360A3281B996900EBE99C /* ListViewController.swift */ = {isa = PBXFileReference; lastKnownFileType = sourcecode.swift; path = ListViewController.swift; sourceTree = "<group>"; };
		A5E360A8281B996B00EBE99C /* Assets.xcassets */ = {isa = PBXFileReference; lastKnownFileType = folder.assetcatalog; path = Assets.xcassets; sourceTree = "<group>"; };
		A5E360AB281B996B00EBE99C /* Base */ = {isa = PBXFileReference; lastKnownFileType = file.storyboard; name = Base; path = Base.lproj/LaunchScreen.storyboard; sourceTree = "<group>"; };
		A5E360AD281B996B00EBE99C /* Info.plist */ = {isa = PBXFileReference; lastKnownFileType = text.plist.xml; path = Info.plist; sourceTree = "<group>"; };
		A5E360B2281B996B00EBE99C /* MemoTests.xctest */ = {isa = PBXFileReference; explicitFileType = wrapper.cfbundle; includeInIndex = 0; path = MemoTests.xctest; sourceTree = BUILT_PRODUCTS_DIR; };
		A5E360B6281B996B00EBE99C /* MemoTests.swift */ = {isa = PBXFileReference; lastKnownFileType = sourcecode.swift; path = MemoTests.swift; sourceTree = "<group>"; };
		A5E360BC281B996B00EBE99C /* MemoUITests.xctest */ = {isa = PBXFileReference; explicitFileType = wrapper.cfbundle; includeInIndex = 0; path = MemoUITests.xctest; sourceTree = BUILT_PRODUCTS_DIR; };
		A5E360C0281B996B00EBE99C /* MemoUITests.swift */ = {isa = PBXFileReference; lastKnownFileType = sourcecode.swift; path = MemoUITests.swift; sourceTree = "<group>"; };
		A5E360C2281B996B00EBE99C /* MemoUITestsLaunchTests.swift */ = {isa = PBXFileReference; lastKnownFileType = sourcecode.swift; path = MemoUITestsLaunchTests.swift; sourceTree = "<group>"; };
		A5E360D0281B9D9E00EBE99C /* ListPresenter.swift */ = {isa = PBXFileReference; lastKnownFileType = sourcecode.swift; path = ListPresenter.swift; sourceTree = "<group>"; };
		A5E360D4281BA44C00EBE99C /* ListTableViewCell.swift */ = {isa = PBXFileReference; lastKnownFileType = sourcecode.swift; path = ListTableViewCell.swift; sourceTree = "<group>"; };
		A5E360DE281BAF9D00EBE99C /* WriteViewController.swift */ = {isa = PBXFileReference; lastKnownFileType = sourcecode.swift; path = WriteViewController.swift; sourceTree = "<group>"; };
		A5E360E0281BAFA500EBE99C /* WritePresenter.swift */ = {isa = PBXFileReference; lastKnownFileType = sourcecode.swift; path = WritePresenter.swift; sourceTree = "<group>"; };
		A5E360E3281BC12300EBE99C /* DismissAlertViewController.swift */ = {isa = PBXFileReference; lastKnownFileType = sourcecode.swift; path = DismissAlertViewController.swift; sourceTree = "<group>"; };
		A5E360E5281BC14B00EBE99C /* DismissAlertPresenter.swift */ = {isa = PBXFileReference; lastKnownFileType = sourcecode.swift; path = DismissAlertPresenter.swift; sourceTree = "<group>"; };
		A5E360E8281BE15600EBE99C /* SaveAlertViewController.swift */ = {isa = PBXFileReference; lastKnownFileType = sourcecode.swift; path = SaveAlertViewController.swift; sourceTree = "<group>"; };
		A5E360EA281BE15E00EBE99C /* SaveAlertPresenter.swift */ = {isa = PBXFileReference; lastKnownFileType = sourcecode.swift; path = SaveAlertPresenter.swift; sourceTree = "<group>"; };
		A5E360F0281BE53F00EBE99C /* 교보손글씨.otf */ = {isa = PBXFileReference; lastKnownFileType = file; path = "교보손글씨.otf"; sourceTree = "<group>"; };
		A5E360F3281BE59C00EBE99C /* FontManager.swift */ = {isa = PBXFileReference; lastKnownFileType = sourcecode.swift; path = FontManager.swift; sourceTree = "<group>"; };
		A5E360F5281BEC4B00EBE99C /* UserDefaultsManager.swift */ = {isa = PBXFileReference; lastKnownFileType = sourcecode.swift; path = UserDefaultsManager.swift; sourceTree = "<group>"; };
		A5E360F8281BECBA00EBE99C /* Memo.swift */ = {isa = PBXFileReference; lastKnownFileType = sourcecode.swift; path = Memo.swift; sourceTree = "<group>"; };
		A5E360FC281BF7FE00EBE99C /* PasswordAlertViewController.swift */ = {isa = PBXFileReference; lastKnownFileType = sourcecode.swift; path = PasswordAlertViewController.swift; sourceTree = "<group>"; };
		A5E360FE281BF80600EBE99C /* PasswordAlertPresenter.swift */ = {isa = PBXFileReference; lastKnownFileType = sourcecode.swift; path = PasswordAlertPresenter.swift; sourceTree = "<group>"; };
		A5EDCFA2281C289300C128FE /* DetailViewController.swift */ = {isa = PBXFileReference; lastKnownFileType = sourcecode.swift; path = DetailViewController.swift; sourceTree = "<group>"; };
		A5EDCFA4281C28A400C128FE /* DetailPresenter.swift */ = {isa = PBXFileReference; lastKnownFileType = sourcecode.swift; path = DetailPresenter.swift; sourceTree = "<group>"; };
		B242F028F95EC4ABEB92491F /* Pods-Memo.release.xcconfig */ = {isa = PBXFileReference; includeInIndex = 1; lastKnownFileType = text.xcconfig; name = "Pods-Memo.release.xcconfig"; path = "Target Support Files/Pods-Memo/Pods-Memo.release.xcconfig"; sourceTree = "<group>"; };
		B60E8D7155570412E4E48FB1 /* Pods_Memo_MemoUITests.framework */ = {isa = PBXFileReference; explicitFileType = wrapper.framework; includeInIndex = 0; path = Pods_Memo_MemoUITests.framework; sourceTree = BUILT_PRODUCTS_DIR; };
		FC096DCAA5D6175908F70D35 /* Pods-MemoTests.debug.xcconfig */ = {isa = PBXFileReference; includeInIndex = 1; lastKnownFileType = text.xcconfig; name = "Pods-MemoTests.debug.xcconfig"; path = "Target Support Files/Pods-MemoTests/Pods-MemoTests.debug.xcconfig"; sourceTree = "<group>"; };
		FDCCE0FC68530BE16084B7C6 /* Pods_MemoTests.framework */ = {isa = PBXFileReference; explicitFileType = wrapper.framework; includeInIndex = 0; path = Pods_MemoTests.framework; sourceTree = BUILT_PRODUCTS_DIR; };
/* End PBXFileReference section */

/* Begin PBXFrameworksBuildPhase section */
		A5E36099281B996900EBE99C /* Frameworks */ = {
			isa = PBXFrameworksBuildPhase;
			buildActionMask = 2147483647;
			files = (
				A5D29DA3281CFA6B00A2BDE9 /* Toast in Frameworks */,
				F9FBD07CD1EEE79CA091852E /* Pods_Memo.framework in Frameworks */,
				A5E360D8281BA51400EBE99C /* SnapKit in Frameworks */,
			);
			runOnlyForDeploymentPostprocessing = 0;
		};
		A5E360AF281B996B00EBE99C /* Frameworks */ = {
			isa = PBXFrameworksBuildPhase;
			buildActionMask = 2147483647;
			files = (
				FBC000C97A2DD9EAF81E81A9 /* Pods_MemoTests.framework in Frameworks */,
			);
			runOnlyForDeploymentPostprocessing = 0;
		};
		A5E360B9281B996B00EBE99C /* Frameworks */ = {
			isa = PBXFrameworksBuildPhase;
			buildActionMask = 2147483647;
			files = (
				979FBFCB19A04463DFED0C08 /* Pods_Memo_MemoUITests.framework in Frameworks */,
			);
			runOnlyForDeploymentPostprocessing = 0;
		};
/* End PBXFrameworksBuildPhase section */

/* Begin PBXGroup section */
		0ADD3FB1286D3D8D8690FBA8 /* Frameworks */ = {
			isa = PBXGroup;
			children = (
				90BDBA8AFB8FCE51989FDF92 /* Pods_Memo.framework */,
				B60E8D7155570412E4E48FB1 /* Pods_Memo_MemoUITests.framework */,
				FDCCE0FC68530BE16084B7C6 /* Pods_MemoTests.framework */,
			);
			name = Frameworks;
			sourceTree = "<group>";
		};
		31B0134D843A090340AC6731 /* Pods */ = {
			isa = PBXGroup;
			children = (
				84EAD94D0FB7341ED470FD07 /* Pods-Memo.debug.xcconfig */,
				B242F028F95EC4ABEB92491F /* Pods-Memo.release.xcconfig */,
				787614D0328B6BD2D86C8800 /* Pods-Memo-MemoUITests.debug.xcconfig */,
				4FFF845223FC6052F7D31650 /* Pods-Memo-MemoUITests.release.xcconfig */,
				FC096DCAA5D6175908F70D35 /* Pods-MemoTests.debug.xcconfig */,
				9CE008EE0A2D2560BAA2426B /* Pods-MemoTests.release.xcconfig */,
			);
			path = Pods;
			sourceTree = "<group>";
		};
		A5D29DA0281CE5EB00A2BDE9 /* DeleteAlert */ = {
			isa = PBXGroup;
			children = (
				A5D29D9C281CE5DD00A2BDE9 /* DeleteAlertViewController.swift */,
				A5D29D9E281CE5E800A2BDE9 /* DeleteAlertPresenter.swift */,
			);
			path = DeleteAlert;
			sourceTree = "<group>";
		};
		A5E36093281B996900EBE99C = {
			isa = PBXGroup;
			children = (
				A5E3609E281B996900EBE99C /* Memo */,
				A5E360B5281B996B00EBE99C /* MemoTests */,
				A5E360BF281B996B00EBE99C /* MemoUITests */,
				A5E3609D281B996900EBE99C /* Products */,
				31B0134D843A090340AC6731 /* Pods */,
				0ADD3FB1286D3D8D8690FBA8 /* Frameworks */,
			);
			sourceTree = "<group>";
		};
		A5E3609D281B996900EBE99C /* Products */ = {
			isa = PBXGroup;
			children = (
				A5E3609C281B996900EBE99C /* Memo.app */,
				A5E360B2281B996B00EBE99C /* MemoTests.xctest */,
				A5E360BC281B996B00EBE99C /* MemoUITests.xctest */,
			);
			name = Products;
			sourceTree = "<group>";
		};
		A5E3609E281B996900EBE99C /* Memo */ = {
			isa = PBXGroup;
			children = (
				A5E3609F281B996900EBE99C /* AppDelegate.swift */,
				A5E360A1281B996900EBE99C /* SceneDelegate.swift */,
				A5E360F2281BE59100EBE99C /* Manager */,
				A5E360F7281BECAF00EBE99C /* Model */,
				A5E360D3281B9DA600EBE99C /* Scene */,
				A5E360ED281BE4FE00EBE99C /* Resource */,
				A5E360A8281B996B00EBE99C /* Assets.xcassets */,
				A5E360AA281B996B00EBE99C /* LaunchScreen.storyboard */,
				A5E360AD281B996B00EBE99C /* Info.plist */,
			);
			path = Memo;
			sourceTree = "<group>";
		};
		A5E360B5281B996B00EBE99C /* MemoTests */ = {
			isa = PBXGroup;
			children = (
				A5E360B6281B996B00EBE99C /* MemoTests.swift */,
			);
			path = MemoTests;
			sourceTree = "<group>";
		};
		A5E360BF281B996B00EBE99C /* MemoUITests */ = {
			isa = PBXGroup;
			children = (
				A5E360C0281B996B00EBE99C /* MemoUITests.swift */,
				A5E360C2281B996B00EBE99C /* MemoUITestsLaunchTests.swift */,
			);
			path = MemoUITests;
			sourceTree = "<group>";
		};
		A5E360D2281B9DA100EBE99C /* List */ = {
			isa = PBXGroup;
			children = (
				A5E360A3281B996900EBE99C /* ListViewController.swift */,
				A5E360D0281B9D9E00EBE99C /* ListPresenter.swift */,
				A5E360D4281BA44C00EBE99C /* ListTableViewCell.swift */,
			);
			path = List;
			sourceTree = "<group>";
		};
		A5E360D3281B9DA600EBE99C /* Scene */ = {
			isa = PBXGroup;
			children = (
				A5E360FA281BF7E300EBE99C /* Alerts */,
				A5EDCFA6281C2B6400C128FE /* Detail */,
				A5E360D2281B9DA100EBE99C /* List */,
				A5E360E2281BAFA900EBE99C /* Write */,
			);
			path = Scene;
			sourceTree = "<group>";
		};
		A5E360E2281BAFA900EBE99C /* Write */ = {
			isa = PBXGroup;
			children = (
				A5E360DE281BAF9D00EBE99C /* WriteViewController.swift */,
				A5E360E0281BAFA500EBE99C /* WritePresenter.swift */,
			);
			path = Write;
			sourceTree = "<group>";
		};
		A5E360E7281BC60200EBE99C /* DismissAlert */ = {
			isa = PBXGroup;
			children = (
				A5E360E3281BC12300EBE99C /* DismissAlertViewController.swift */,
				A5E360E5281BC14B00EBE99C /* DismissAlertPresenter.swift */,
			);
			path = DismissAlert;
			sourceTree = "<group>";
		};
		A5E360EC281BE16500EBE99C /* SaveAlert */ = {
			isa = PBXGroup;
			children = (
				A5E360E8281BE15600EBE99C /* SaveAlertViewController.swift */,
				A5E360EA281BE15E00EBE99C /* SaveAlertPresenter.swift */,
			);
			path = SaveAlert;
			sourceTree = "<group>";
		};
		A5E360ED281BE4FE00EBE99C /* Resource */ = {
			isa = PBXGroup;
			children = (
				A5E360EF281BE52300EBE99C /* Font */,
			);
			path = Resource;
			sourceTree = "<group>";
		};
		A5E360EF281BE52300EBE99C /* Font */ = {
			isa = PBXGroup;
			children = (
				A5E360F0281BE53F00EBE99C /* 교보손글씨.otf */,
			);
			path = Font;
			sourceTree = "<group>";
		};
		A5E360F2281BE59100EBE99C /* Manager */ = {
			isa = PBXGroup;
			children = (
				A5E360F3281BE59C00EBE99C /* FontManager.swift */,
				A5E360F5281BEC4B00EBE99C /* UserDefaultsManager.swift */,
			);
			path = Manager;
			sourceTree = "<group>";
		};
		A5E360F7281BECAF00EBE99C /* Model */ = {
			isa = PBXGroup;
			children = (
				A5E360F8281BECBA00EBE99C /* Memo.swift */,
			);
			path = Model;
			sourceTree = "<group>";
		};
		A5E360FA281BF7E300EBE99C /* Alerts */ = {
			isa = PBXGroup;
			children = (
				A5D29DA0281CE5EB00A2BDE9 /* DeleteAlert */,
				A5E360E7281BC60200EBE99C /* DismissAlert */,
				A5E360FB281BF7EE00EBE99C /* PasswordAlert */,
				A5E360EC281BE16500EBE99C /* SaveAlert */,
			);
			path = Alerts;
			sourceTree = "<group>";
		};
		A5E360FB281BF7EE00EBE99C /* PasswordAlert */ = {
			isa = PBXGroup;
			children = (
				A5E360FC281BF7FE00EBE99C /* PasswordAlertViewController.swift */,
				A5E360FE281BF80600EBE99C /* PasswordAlertPresenter.swift */,
			);
			path = PasswordAlert;
			sourceTree = "<group>";
		};
		A5EDCFA6281C2B6400C128FE /* Detail */ = {
			isa = PBXGroup;
			children = (
				A5EDCFA2281C289300C128FE /* DetailViewController.swift */,
				A5EDCFA4281C28A400C128FE /* DetailPresenter.swift */,
			);
			path = Detail;
			sourceTree = "<group>";
		};
/* End PBXGroup section */

/* Begin PBXNativeTarget section */
		A5E3609B281B996900EBE99C /* Memo */ = {
			isa = PBXNativeTarget;
			buildConfigurationList = A5E360C6281B996B00EBE99C /* Build configuration list for PBXNativeTarget "Memo" */;
			buildPhases = (
				BD72867D6264B5A9CBD9DF01 /* [CP] Check Pods Manifest.lock */,
				A5E36098281B996900EBE99C /* Sources */,
				A5E36099281B996900EBE99C /* Frameworks */,
				A5E3609A281B996900EBE99C /* Resources */,
				A5E360CF281B9C7300EBE99C /* SwiftLint */,
			);
			buildRules = (
			);
			dependencies = (
			);
			name = Memo;
			packageProductDependencies = (
				A5E360D7281BA51400EBE99C /* SnapKit */,
				A5D29DA2281CFA6B00A2BDE9 /* Toast */,
			);
			productName = Memo;
			productReference = A5E3609C281B996900EBE99C /* Memo.app */;
			productType = "com.apple.product-type.application";
		};
		A5E360B1281B996B00EBE99C /* MemoTests */ = {
			isa = PBXNativeTarget;
			buildConfigurationList = A5E360C9281B996B00EBE99C /* Build configuration list for PBXNativeTarget "MemoTests" */;
			buildPhases = (
				CF30E1FA4DB22A2285FB0935 /* [CP] Check Pods Manifest.lock */,
				A5E360AE281B996B00EBE99C /* Sources */,
				A5E360AF281B996B00EBE99C /* Frameworks */,
				A5E360B0281B996B00EBE99C /* Resources */,
			);
			buildRules = (
			);
			dependencies = (
				A5E360B4281B996B00EBE99C /* PBXTargetDependency */,
			);
			name = MemoTests;
			productName = MemoTests;
			productReference = A5E360B2281B996B00EBE99C /* MemoTests.xctest */;
			productType = "com.apple.product-type.bundle.unit-test";
		};
		A5E360BB281B996B00EBE99C /* MemoUITests */ = {
			isa = PBXNativeTarget;
			buildConfigurationList = A5E360CC281B996B00EBE99C /* Build configuration list for PBXNativeTarget "MemoUITests" */;
			buildPhases = (
				4ED2A0F9ED07AADB94899205 /* [CP] Check Pods Manifest.lock */,
				A5E360B8281B996B00EBE99C /* Sources */,
				A5E360B9281B996B00EBE99C /* Frameworks */,
				A5E360BA281B996B00EBE99C /* Resources */,
			);
			buildRules = (
			);
			dependencies = (
				A5E360BE281B996B00EBE99C /* PBXTargetDependency */,
			);
			name = MemoUITests;
			productName = MemoUITests;
			productReference = A5E360BC281B996B00EBE99C /* MemoUITests.xctest */;
			productType = "com.apple.product-type.bundle.ui-testing";
		};
/* End PBXNativeTarget section */

/* Begin PBXProject section */
		A5E36094281B996900EBE99C /* Project object */ = {
			isa = PBXProject;
			attributes = {
				BuildIndependentTargetsInParallel = 1;
				LastSwiftUpdateCheck = 1330;
				LastUpgradeCheck = 1330;
				TargetAttributes = {
					A5E3609B281B996900EBE99C = {
						CreatedOnToolsVersion = 13.3.1;
					};
					A5E360B1281B996B00EBE99C = {
						CreatedOnToolsVersion = 13.3.1;
						TestTargetID = A5E3609B281B996900EBE99C;
					};
					A5E360BB281B996B00EBE99C = {
						CreatedOnToolsVersion = 13.3.1;
						TestTargetID = A5E3609B281B996900EBE99C;
					};
				};
			};
			buildConfigurationList = A5E36097281B996900EBE99C /* Build configuration list for PBXProject "Memo" */;
			compatibilityVersion = "Xcode 13.0";
			developmentRegion = en;
			hasScannedForEncodings = 0;
			knownRegions = (
				en,
				Base,
			);
			mainGroup = A5E36093281B996900EBE99C;
			packageReferences = (
				A5E360D6281BA51400EBE99C /* XCRemoteSwiftPackageReference "SnapKit" */,
				A5D29DA1281CFA6B00A2BDE9 /* XCRemoteSwiftPackageReference "Toast-Swift" */,
			);
			productRefGroup = A5E3609D281B996900EBE99C /* Products */;
			projectDirPath = "";
			projectRoot = "";
			targets = (
				A5E3609B281B996900EBE99C /* Memo */,
				A5E360B1281B996B00EBE99C /* MemoTests */,
				A5E360BB281B996B00EBE99C /* MemoUITests */,
			);
		};
/* End PBXProject section */

/* Begin PBXResourcesBuildPhase section */
		A5E3609A281B996900EBE99C /* Resources */ = {
			isa = PBXResourcesBuildPhase;
			buildActionMask = 2147483647;
			files = (
				A5E360AC281B996B00EBE99C /* LaunchScreen.storyboard in Resources */,
				A5E360F1281BE53F00EBE99C /* 교보손글씨.otf in Resources */,
				A5E360A9281B996B00EBE99C /* Assets.xcassets in Resources */,
			);
			runOnlyForDeploymentPostprocessing = 0;
		};
		A5E360B0281B996B00EBE99C /* Resources */ = {
			isa = PBXResourcesBuildPhase;
			buildActionMask = 2147483647;
			files = (
			);
			runOnlyForDeploymentPostprocessing = 0;
		};
		A5E360BA281B996B00EBE99C /* Resources */ = {
			isa = PBXResourcesBuildPhase;
			buildActionMask = 2147483647;
			files = (
			);
			runOnlyForDeploymentPostprocessing = 0;
		};
/* End PBXResourcesBuildPhase section */

/* Begin PBXShellScriptBuildPhase section */
		4ED2A0F9ED07AADB94899205 /* [CP] Check Pods Manifest.lock */ = {
			isa = PBXShellScriptBuildPhase;
			buildActionMask = 2147483647;
			files = (
			);
			inputFileListPaths = (
			);
			inputPaths = (
				"${PODS_PODFILE_DIR_PATH}/Podfile.lock",
				"${PODS_ROOT}/Manifest.lock",
			);
			name = "[CP] Check Pods Manifest.lock";
			outputFileListPaths = (
			);
			outputPaths = (
				"$(DERIVED_FILE_DIR)/Pods-Memo-MemoUITests-checkManifestLockResult.txt",
			);
			runOnlyForDeploymentPostprocessing = 0;
			shellPath = /bin/sh;
			shellScript = "diff \"${PODS_PODFILE_DIR_PATH}/Podfile.lock\" \"${PODS_ROOT}/Manifest.lock\" > /dev/null\nif [ $? != 0 ] ; then\n    # print error to STDERR\n    echo \"error: The sandbox is not in sync with the Podfile.lock. Run 'pod install' or update your CocoaPods installation.\" >&2\n    exit 1\nfi\n# This output is used by Xcode 'outputs' to avoid re-running this script phase.\necho \"SUCCESS\" > \"${SCRIPT_OUTPUT_FILE_0}\"\n";
			showEnvVarsInLog = 0;
		};
		A5E360CF281B9C7300EBE99C /* SwiftLint */ = {
			isa = PBXShellScriptBuildPhase;
			buildActionMask = 2147483647;
			files = (
			);
			inputFileListPaths = (
			);
			inputPaths = (
			);
			name = SwiftLint;
			outputFileListPaths = (
			);
			outputPaths = (
			);
			runOnlyForDeploymentPostprocessing = 0;
			shellPath = /bin/sh;
			shellScript = "\"${PODS_ROOT}/SwiftLint/swiftlint\"\n";
		};
		BD72867D6264B5A9CBD9DF01 /* [CP] Check Pods Manifest.lock */ = {
			isa = PBXShellScriptBuildPhase;
			buildActionMask = 2147483647;
			files = (
			);
			inputFileListPaths = (
			);
			inputPaths = (
				"${PODS_PODFILE_DIR_PATH}/Podfile.lock",
				"${PODS_ROOT}/Manifest.lock",
			);
			name = "[CP] Check Pods Manifest.lock";
			outputFileListPaths = (
			);
			outputPaths = (
				"$(DERIVED_FILE_DIR)/Pods-Memo-checkManifestLockResult.txt",
			);
			runOnlyForDeploymentPostprocessing = 0;
			shellPath = /bin/sh;
			shellScript = "diff \"${PODS_PODFILE_DIR_PATH}/Podfile.lock\" \"${PODS_ROOT}/Manifest.lock\" > /dev/null\nif [ $? != 0 ] ; then\n    # print error to STDERR\n    echo \"error: The sandbox is not in sync with the Podfile.lock. Run 'pod install' or update your CocoaPods installation.\" >&2\n    exit 1\nfi\n# This output is used by Xcode 'outputs' to avoid re-running this script phase.\necho \"SUCCESS\" > \"${SCRIPT_OUTPUT_FILE_0}\"\n";
			showEnvVarsInLog = 0;
		};
		CF30E1FA4DB22A2285FB0935 /* [CP] Check Pods Manifest.lock */ = {
			isa = PBXShellScriptBuildPhase;
			buildActionMask = 2147483647;
			files = (
			);
			inputFileListPaths = (
			);
			inputPaths = (
				"${PODS_PODFILE_DIR_PATH}/Podfile.lock",
				"${PODS_ROOT}/Manifest.lock",
			);
			name = "[CP] Check Pods Manifest.lock";
			outputFileListPaths = (
			);
			outputPaths = (
				"$(DERIVED_FILE_DIR)/Pods-MemoTests-checkManifestLockResult.txt",
			);
			runOnlyForDeploymentPostprocessing = 0;
			shellPath = /bin/sh;
			shellScript = "diff \"${PODS_PODFILE_DIR_PATH}/Podfile.lock\" \"${PODS_ROOT}/Manifest.lock\" > /dev/null\nif [ $? != 0 ] ; then\n    # print error to STDERR\n    echo \"error: The sandbox is not in sync with the Podfile.lock. Run 'pod install' or update your CocoaPods installation.\" >&2\n    exit 1\nfi\n# This output is used by Xcode 'outputs' to avoid re-running this script phase.\necho \"SUCCESS\" > \"${SCRIPT_OUTPUT_FILE_0}\"\n";
			showEnvVarsInLog = 0;
		};
/* End PBXShellScriptBuildPhase section */

/* Begin PBXSourcesBuildPhase section */
		A5E36098281B996900EBE99C /* Sources */ = {
			isa = PBXSourcesBuildPhase;
			buildActionMask = 2147483647;
			files = (
				A5E360A4281B996900EBE99C /* ListViewController.swift in Sources */,
				A5E360FD281BF7FE00EBE99C /* PasswordAlertViewController.swift in Sources */,
				A5EDCFA5281C28A400C128FE /* DetailPresenter.swift in Sources */,
				A5E360F4281BE59C00EBE99C /* FontManager.swift in Sources */,
				A5E360F9281BECBA00EBE99C /* Memo.swift in Sources */,
				A5D29D9D281CE5DD00A2BDE9 /* DeleteAlertViewController.swift in Sources */,
				A5D29D9F281CE5E800A2BDE9 /* DeleteAlertPresenter.swift in Sources */,
				A5E360A0281B996900EBE99C /* AppDelegate.swift in Sources */,
				A5E360E1281BAFA500EBE99C /* WritePresenter.swift in Sources */,
				A5E360D1281B9D9E00EBE99C /* ListPresenter.swift in Sources */,
				A5E360E4281BC12300EBE99C /* DismissAlertViewController.swift in Sources */,
				A5EDCFA3281C289300C128FE /* DetailViewController.swift in Sources */,
				A5E360A2281B996900EBE99C /* SceneDelegate.swift in Sources */,
				A5E360DF281BAF9D00EBE99C /* WriteViewController.swift in Sources */,
				A5E360FF281BF80600EBE99C /* PasswordAlertPresenter.swift in Sources */,
				A5E360EB281BE15E00EBE99C /* SaveAlertPresenter.swift in Sources */,
				A5E360F6281BEC4B00EBE99C /* UserDefaultsManager.swift in Sources */,
				A5E360E6281BC14B00EBE99C /* DismissAlertPresenter.swift in Sources */,
				A5E360E9281BE15600EBE99C /* SaveAlertViewController.swift in Sources */,
				A5E360D5281BA44C00EBE99C /* ListTableViewCell.swift in Sources */,
			);
			runOnlyForDeploymentPostprocessing = 0;
		};
		A5E360AE281B996B00EBE99C /* Sources */ = {
			isa = PBXSourcesBuildPhase;
			buildActionMask = 2147483647;
			files = (
				A5E360B7281B996B00EBE99C /* MemoTests.swift in Sources */,
			);
			runOnlyForDeploymentPostprocessing = 0;
		};
		A5E360B8281B996B00EBE99C /* Sources */ = {
			isa = PBXSourcesBuildPhase;
			buildActionMask = 2147483647;
			files = (
				A5E360C3281B996B00EBE99C /* MemoUITestsLaunchTests.swift in Sources */,
				A5E360C1281B996B00EBE99C /* MemoUITests.swift in Sources */,
			);
			runOnlyForDeploymentPostprocessing = 0;
		};
/* End PBXSourcesBuildPhase section */

/* Begin PBXTargetDependency section */
		A5E360B4281B996B00EBE99C /* PBXTargetDependency */ = {
			isa = PBXTargetDependency;
			target = A5E3609B281B996900EBE99C /* Memo */;
			targetProxy = A5E360B3281B996B00EBE99C /* PBXContainerItemProxy */;
		};
		A5E360BE281B996B00EBE99C /* PBXTargetDependency */ = {
			isa = PBXTargetDependency;
			target = A5E3609B281B996900EBE99C /* Memo */;
			targetProxy = A5E360BD281B996B00EBE99C /* PBXContainerItemProxy */;
		};
/* End PBXTargetDependency section */

/* Begin PBXVariantGroup section */
		A5E360AA281B996B00EBE99C /* LaunchScreen.storyboard */ = {
			isa = PBXVariantGroup;
			children = (
				A5E360AB281B996B00EBE99C /* Base */,
			);
			name = LaunchScreen.storyboard;
			sourceTree = "<group>";
		};
/* End PBXVariantGroup section */

/* Begin XCBuildConfiguration section */
		A5E360C4281B996B00EBE99C /* Debug */ = {
			isa = XCBuildConfiguration;
			buildSettings = {
				ALWAYS_SEARCH_USER_PATHS = NO;
				CLANG_ANALYZER_NONNULL = YES;
				CLANG_ANALYZER_NUMBER_OBJECT_CONVERSION = YES_AGGRESSIVE;
				CLANG_CXX_LANGUAGE_STANDARD = "gnu++17";
				CLANG_ENABLE_MODULES = YES;
				CLANG_ENABLE_OBJC_ARC = YES;
				CLANG_ENABLE_OBJC_WEAK = YES;
				CLANG_WARN_BLOCK_CAPTURE_AUTORELEASING = YES;
				CLANG_WARN_BOOL_CONVERSION = YES;
				CLANG_WARN_COMMA = YES;
				CLANG_WARN_CONSTANT_CONVERSION = YES;
				CLANG_WARN_DEPRECATED_OBJC_IMPLEMENTATIONS = YES;
				CLANG_WARN_DIRECT_OBJC_ISA_USAGE = YES_ERROR;
				CLANG_WARN_DOCUMENTATION_COMMENTS = YES;
				CLANG_WARN_EMPTY_BODY = YES;
				CLANG_WARN_ENUM_CONVERSION = YES;
				CLANG_WARN_INFINITE_RECURSION = YES;
				CLANG_WARN_INT_CONVERSION = YES;
				CLANG_WARN_NON_LITERAL_NULL_CONVERSION = YES;
				CLANG_WARN_OBJC_IMPLICIT_RETAIN_SELF = YES;
				CLANG_WARN_OBJC_LITERAL_CONVERSION = YES;
				CLANG_WARN_OBJC_ROOT_CLASS = YES_ERROR;
				CLANG_WARN_QUOTED_INCLUDE_IN_FRAMEWORK_HEADER = YES;
				CLANG_WARN_RANGE_LOOP_ANALYSIS = YES;
				CLANG_WARN_STRICT_PROTOTYPES = YES;
				CLANG_WARN_SUSPICIOUS_MOVE = YES;
				CLANG_WARN_UNGUARDED_AVAILABILITY = YES_AGGRESSIVE;
				CLANG_WARN_UNREACHABLE_CODE = YES;
				CLANG_WARN__DUPLICATE_METHOD_MATCH = YES;
				COPY_PHASE_STRIP = NO;
				DEBUG_INFORMATION_FORMAT = dwarf;
				ENABLE_STRICT_OBJC_MSGSEND = YES;
				ENABLE_TESTABILITY = YES;
				GCC_C_LANGUAGE_STANDARD = gnu11;
				GCC_DYNAMIC_NO_PIC = NO;
				GCC_NO_COMMON_BLOCKS = YES;
				GCC_OPTIMIZATION_LEVEL = 0;
				GCC_PREPROCESSOR_DEFINITIONS = (
					"DEBUG=1",
					"$(inherited)",
				);
				GCC_WARN_64_TO_32_BIT_CONVERSION = YES;
				GCC_WARN_ABOUT_RETURN_TYPE = YES_ERROR;
				GCC_WARN_UNDECLARED_SELECTOR = YES;
				GCC_WARN_UNINITIALIZED_AUTOS = YES_AGGRESSIVE;
				GCC_WARN_UNUSED_FUNCTION = YES;
				GCC_WARN_UNUSED_VARIABLE = YES;
				IPHONEOS_DEPLOYMENT_TARGET = 14.1;
				MTL_ENABLE_DEBUG_INFO = INCLUDE_SOURCE;
				MTL_FAST_MATH = YES;
				ONLY_ACTIVE_ARCH = YES;
				SDKROOT = iphoneos;
				SWIFT_ACTIVE_COMPILATION_CONDITIONS = DEBUG;
				SWIFT_OPTIMIZATION_LEVEL = "-Onone";
			};
			name = Debug;
		};
		A5E360C5281B996B00EBE99C /* Release */ = {
			isa = XCBuildConfiguration;
			buildSettings = {
				ALWAYS_SEARCH_USER_PATHS = NO;
				CLANG_ANALYZER_NONNULL = YES;
				CLANG_ANALYZER_NUMBER_OBJECT_CONVERSION = YES_AGGRESSIVE;
				CLANG_CXX_LANGUAGE_STANDARD = "gnu++17";
				CLANG_ENABLE_MODULES = YES;
				CLANG_ENABLE_OBJC_ARC = YES;
				CLANG_ENABLE_OBJC_WEAK = YES;
				CLANG_WARN_BLOCK_CAPTURE_AUTORELEASING = YES;
				CLANG_WARN_BOOL_CONVERSION = YES;
				CLANG_WARN_COMMA = YES;
				CLANG_WARN_CONSTANT_CONVERSION = YES;
				CLANG_WARN_DEPRECATED_OBJC_IMPLEMENTATIONS = YES;
				CLANG_WARN_DIRECT_OBJC_ISA_USAGE = YES_ERROR;
				CLANG_WARN_DOCUMENTATION_COMMENTS = YES;
				CLANG_WARN_EMPTY_BODY = YES;
				CLANG_WARN_ENUM_CONVERSION = YES;
				CLANG_WARN_INFINITE_RECURSION = YES;
				CLANG_WARN_INT_CONVERSION = YES;
				CLANG_WARN_NON_LITERAL_NULL_CONVERSION = YES;
				CLANG_WARN_OBJC_IMPLICIT_RETAIN_SELF = YES;
				CLANG_WARN_OBJC_LITERAL_CONVERSION = YES;
				CLANG_WARN_OBJC_ROOT_CLASS = YES_ERROR;
				CLANG_WARN_QUOTED_INCLUDE_IN_FRAMEWORK_HEADER = YES;
				CLANG_WARN_RANGE_LOOP_ANALYSIS = YES;
				CLANG_WARN_STRICT_PROTOTYPES = YES;
				CLANG_WARN_SUSPICIOUS_MOVE = YES;
				CLANG_WARN_UNGUARDED_AVAILABILITY = YES_AGGRESSIVE;
				CLANG_WARN_UNREACHABLE_CODE = YES;
				CLANG_WARN__DUPLICATE_METHOD_MATCH = YES;
				COPY_PHASE_STRIP = NO;
				DEBUG_INFORMATION_FORMAT = "dwarf-with-dsym";
				ENABLE_NS_ASSERTIONS = NO;
				ENABLE_STRICT_OBJC_MSGSEND = YES;
				GCC_C_LANGUAGE_STANDARD = gnu11;
				GCC_NO_COMMON_BLOCKS = YES;
				GCC_WARN_64_TO_32_BIT_CONVERSION = YES;
				GCC_WARN_ABOUT_RETURN_TYPE = YES_ERROR;
				GCC_WARN_UNDECLARED_SELECTOR = YES;
				GCC_WARN_UNINITIALIZED_AUTOS = YES_AGGRESSIVE;
				GCC_WARN_UNUSED_FUNCTION = YES;
				GCC_WARN_UNUSED_VARIABLE = YES;
				IPHONEOS_DEPLOYMENT_TARGET = 14.1;
				MTL_ENABLE_DEBUG_INFO = NO;
				MTL_FAST_MATH = YES;
				SDKROOT = iphoneos;
				SWIFT_COMPILATION_MODE = wholemodule;
				SWIFT_OPTIMIZATION_LEVEL = "-O";
				VALIDATE_PRODUCT = YES;
			};
			name = Release;
		};
		A5E360C7281B996B00EBE99C /* Debug */ = {
			isa = XCBuildConfiguration;
			baseConfigurationReference = 84EAD94D0FB7341ED470FD07 /* Pods-Memo.debug.xcconfig */;
			buildSettings = {
				ASSETCATALOG_COMPILER_APPICON_NAME = AppIcon;
				ASSETCATALOG_COMPILER_GLOBAL_ACCENT_COLOR_NAME = AccentColor;
				CODE_SIGN_STYLE = Automatic;
				CURRENT_PROJECT_VERSION = 1;
				DEVELOPMENT_TEAM = MZ4WUT4W35;
				GENERATE_INFOPLIST_FILE = YES;
				INFOPLIST_FILE = Memo/Info.plist;
				INFOPLIST_KEY_CFBundleDisplayName = memo;
				INFOPLIST_KEY_UIApplicationSupportsIndirectInputEvents = YES;
				INFOPLIST_KEY_UILaunchStoryboardName = LaunchScreen;
				INFOPLIST_KEY_UISupportedInterfaceOrientations_iPad = "UIInterfaceOrientationPortrait UIInterfaceOrientationPortraitUpsideDown UIInterfaceOrientationLandscapeLeft UIInterfaceOrientationLandscapeRight";
				INFOPLIST_KEY_UISupportedInterfaceOrientations_iPhone = "UIInterfaceOrientationPortrait UIInterfaceOrientationLandscapeLeft UIInterfaceOrientationLandscapeRight";
				IPHONEOS_DEPLOYMENT_TARGET = 14.1;
				LD_RUNPATH_SEARCH_PATHS = (
					"$(inherited)",
					"@executable_path/Frameworks",
				);
				MARKETING_VERSION = 1.0;
				PRODUCT_BUNDLE_IDENTIFIER = com.alswl.Memo;
				PRODUCT_NAME = "$(TARGET_NAME)";
				SWIFT_EMIT_LOC_STRINGS = YES;
				SWIFT_VERSION = 5.0;
				TARGETED_DEVICE_FAMILY = 1;
			};
			name = Debug;
		};
		A5E360C8281B996B00EBE99C /* Release */ = {
			isa = XCBuildConfiguration;
			baseConfigurationReference = B242F028F95EC4ABEB92491F /* Pods-Memo.release.xcconfig */;
			buildSettings = {
				ASSETCATALOG_COMPILER_APPICON_NAME = AppIcon;
				ASSETCATALOG_COMPILER_GLOBAL_ACCENT_COLOR_NAME = AccentColor;
				CODE_SIGN_STYLE = Automatic;
				CURRENT_PROJECT_VERSION = 1;
				DEVELOPMENT_TEAM = MZ4WUT4W35;
				GENERATE_INFOPLIST_FILE = YES;
				INFOPLIST_FILE = Memo/Info.plist;
				INFOPLIST_KEY_CFBundleDisplayName = memo;
				INFOPLIST_KEY_UIApplicationSupportsIndirectInputEvents = YES;
				INFOPLIST_KEY_UILaunchStoryboardName = LaunchScreen;
				INFOPLIST_KEY_UISupportedInterfaceOrientations_iPad = "UIInterfaceOrientationPortrait UIInterfaceOrientationPortraitUpsideDown UIInterfaceOrientationLandscapeLeft UIInterfaceOrientationLandscapeRight";
				INFOPLIST_KEY_UISupportedInterfaceOrientations_iPhone = "UIInterfaceOrientationPortrait UIInterfaceOrientationLandscapeLeft UIInterfaceOrientationLandscapeRight";
				IPHONEOS_DEPLOYMENT_TARGET = 14.1;
				LD_RUNPATH_SEARCH_PATHS = (
					"$(inherited)",
					"@executable_path/Frameworks",
				);
				MARKETING_VERSION = 1.0;
				PRODUCT_BUNDLE_IDENTIFIER = com.alswl.Memo;
				PRODUCT_NAME = "$(TARGET_NAME)";
				SWIFT_EMIT_LOC_STRINGS = YES;
				SWIFT_VERSION = 5.0;
				TARGETED_DEVICE_FAMILY = 1;
			};
			name = Release;
		};
		A5E360CA281B996B00EBE99C /* Debug */ = {
			isa = XCBuildConfiguration;
			baseConfigurationReference = FC096DCAA5D6175908F70D35 /* Pods-MemoTests.debug.xcconfig */;
			buildSettings = {
				ALWAYS_EMBED_SWIFT_STANDARD_LIBRARIES = YES;
				BUNDLE_LOADER = "$(TEST_HOST)";
				CODE_SIGN_STYLE = Automatic;
				CURRENT_PROJECT_VERSION = 1;
				DEVELOPMENT_TEAM = MZ4WUT4W35;
				GENERATE_INFOPLIST_FILE = YES;
				IPHONEOS_DEPLOYMENT_TARGET = 15.4;
				MARKETING_VERSION = 1.0;
				PRODUCT_BUNDLE_IDENTIFIER = com.alswl.MemoTests;
				PRODUCT_NAME = "$(TARGET_NAME)";
				SWIFT_EMIT_LOC_STRINGS = NO;
				SWIFT_VERSION = 5.0;
				TARGETED_DEVICE_FAMILY = "1,2";
				TEST_HOST = "$(BUILT_PRODUCTS_DIR)/Memo.app/Memo";
			};
			name = Debug;
		};
		A5E360CB281B996B00EBE99C /* Release */ = {
			isa = XCBuildConfiguration;
			baseConfigurationReference = 9CE008EE0A2D2560BAA2426B /* Pods-MemoTests.release.xcconfig */;
			buildSettings = {
				ALWAYS_EMBED_SWIFT_STANDARD_LIBRARIES = YES;
				BUNDLE_LOADER = "$(TEST_HOST)";
				CODE_SIGN_STYLE = Automatic;
				CURRENT_PROJECT_VERSION = 1;
				DEVELOPMENT_TEAM = MZ4WUT4W35;
				GENERATE_INFOPLIST_FILE = YES;
				IPHONEOS_DEPLOYMENT_TARGET = 15.4;
				MARKETING_VERSION = 1.0;
				PRODUCT_BUNDLE_IDENTIFIER = com.alswl.MemoTests;
				PRODUCT_NAME = "$(TARGET_NAME)";
				SWIFT_EMIT_LOC_STRINGS = NO;
				SWIFT_VERSION = 5.0;
				TARGETED_DEVICE_FAMILY = "1,2";
				TEST_HOST = "$(BUILT_PRODUCTS_DIR)/Memo.app/Memo";
			};
			name = Release;
		};
		A5E360CD281B996B00EBE99C /* Debug */ = {
			isa = XCBuildConfiguration;
			baseConfigurationReference = 787614D0328B6BD2D86C8800 /* Pods-Memo-MemoUITests.debug.xcconfig */;
			buildSettings = {
				ALWAYS_EMBED_SWIFT_STANDARD_LIBRARIES = YES;
				CODE_SIGN_STYLE = Automatic;
				CURRENT_PROJECT_VERSION = 1;
				DEVELOPMENT_TEAM = MZ4WUT4W35;
				GENERATE_INFOPLIST_FILE = YES;
				MARKETING_VERSION = 1.0;
				PRODUCT_BUNDLE_IDENTIFIER = com.alswl.MemoUITests;
				PRODUCT_NAME = "$(TARGET_NAME)";
				SWIFT_EMIT_LOC_STRINGS = NO;
				SWIFT_VERSION = 5.0;
				TARGETED_DEVICE_FAMILY = "1,2";
				TEST_TARGET_NAME = Memo;
			};
			name = Debug;
		};
		A5E360CE281B996B00EBE99C /* Release */ = {
			isa = XCBuildConfiguration;
			baseConfigurationReference = 4FFF845223FC6052F7D31650 /* Pods-Memo-MemoUITests.release.xcconfig */;
			buildSettings = {
				ALWAYS_EMBED_SWIFT_STANDARD_LIBRARIES = YES;
				CODE_SIGN_STYLE = Automatic;
				CURRENT_PROJECT_VERSION = 1;
				DEVELOPMENT_TEAM = MZ4WUT4W35;
				GENERATE_INFOPLIST_FILE = YES;
				MARKETING_VERSION = 1.0;
				PRODUCT_BUNDLE_IDENTIFIER = com.alswl.MemoUITests;
				PRODUCT_NAME = "$(TARGET_NAME)";
				SWIFT_EMIT_LOC_STRINGS = NO;
				SWIFT_VERSION = 5.0;
				TARGETED_DEVICE_FAMILY = "1,2";
				TEST_TARGET_NAME = Memo;
			};
			name = Release;
		};
/* End XCBuildConfiguration section */

/* Begin XCConfigurationList section */
		A5E36097281B996900EBE99C /* Build configuration list for PBXProject "Memo" */ = {
			isa = XCConfigurationList;
			buildConfigurations = (
				A5E360C4281B996B00EBE99C /* Debug */,
				A5E360C5281B996B00EBE99C /* Release */,
			);
			defaultConfigurationIsVisible = 0;
			defaultConfigurationName = Release;
		};
		A5E360C6281B996B00EBE99C /* Build configuration list for PBXNativeTarget "Memo" */ = {
			isa = XCConfigurationList;
			buildConfigurations = (
				A5E360C7281B996B00EBE99C /* Debug */,
				A5E360C8281B996B00EBE99C /* Release */,
			);
			defaultConfigurationIsVisible = 0;
			defaultConfigurationName = Release;
		};
		A5E360C9281B996B00EBE99C /* Build configuration list for PBXNativeTarget "MemoTests" */ = {
			isa = XCConfigurationList;
			buildConfigurations = (
				A5E360CA281B996B00EBE99C /* Debug */,
				A5E360CB281B996B00EBE99C /* Release */,
			);
			defaultConfigurationIsVisible = 0;
			defaultConfigurationName = Release;
		};
		A5E360CC281B996B00EBE99C /* Build configuration list for PBXNativeTarget "MemoUITests" */ = {
			isa = XCConfigurationList;
			buildConfigurations = (
				A5E360CD281B996B00EBE99C /* Debug */,
				A5E360CE281B996B00EBE99C /* Release */,
			);
			defaultConfigurationIsVisible = 0;
			defaultConfigurationName = Release;
		};
/* End XCConfigurationList section */

/* Begin XCRemoteSwiftPackageReference section */
		A5D29DA1281CFA6B00A2BDE9 /* XCRemoteSwiftPackageReference "Toast-Swift" */ = {
			isa = XCRemoteSwiftPackageReference;
			repositoryURL = "https://github.com/scalessec/Toast-Swift";
			requirement = {
				kind = upToNextMajorVersion;
				minimumVersion = 5.0.0;
			};
		};
		A5E360D6281BA51400EBE99C /* XCRemoteSwiftPackageReference "SnapKit" */ = {
			isa = XCRemoteSwiftPackageReference;
			repositoryURL = "https://github.com/SnapKit/SnapKit.git";
			requirement = {
				kind = upToNextMajorVersion;
				minimumVersion = 5.0.1;
			};
		};
/* End XCRemoteSwiftPackageReference section */

/* Begin XCSwiftPackageProductDependency section */
		A5D29DA2281CFA6B00A2BDE9 /* Toast */ = {
			isa = XCSwiftPackageProductDependency;
			package = A5D29DA1281CFA6B00A2BDE9 /* XCRemoteSwiftPackageReference "Toast-Swift" */;
			productName = Toast;
		};
		A5E360D7281BA51400EBE99C /* SnapKit */ = {
			isa = XCSwiftPackageProductDependency;
			package = A5E360D6281BA51400EBE99C /* XCRemoteSwiftPackageReference "SnapKit" */;
			productName = SnapKit;
		};
/* End XCSwiftPackageProductDependency section */
	};
	rootObject = A5E36094281B996900EBE99C /* Project object */;
}
